// !$*UTF8*$!
{
	archiveVersion = 1;
	classes = {
	};
	objectVersion = 56;
	objects = {

/* Begin PBXBuildFile section */
		6586645C2B38F75E000F38E0 /* main.cpp in Sources */ = {isa = PBXBuildFile; fileRef = 6586645B2B38F75E000F38E0 /* main.cpp */; };
		658664652B38F7AF000F38E0 /* ProcessScheduling.cpp in Sources */ = {isa = PBXBuildFile; fileRef = 658664632B38F7AF000F38E0 /* ProcessScheduling.cpp */; };
		6586646C2B38F814000F38E0 /* LinkedListDataNode.cpp in Sources */ = {isa = PBXBuildFile; fileRef = 6586646A2B38F814000F38E0 /* LinkedListDataNode.cpp */; };
		6586646F2B38F86C000F38E0 /* LinkedListNode.cpp in Sources */ = {isa = PBXBuildFile; fileRef = 6586646D2B38F86C000F38E0 /* LinkedListNode.cpp */; };
		658664722B38F8AB000F38E0 /* LinkedList.cpp in Sources */ = {isa = PBXBuildFile; fileRef = 658664702B38F8AB000F38E0 /* LinkedList.cpp */; };
		658664772B38F90D000F38E0 /* ArrivalTimeLinkedList.cpp in Sources */ = {isa = PBXBuildFile; fileRef = 658664752B38F90D000F38E0 /* ArrivalTimeLinkedList.cpp */; };
		6586647B2B38F94D000F38E0 /* ArrivalTimeLinkedListNode.cpp in Sources */ = {isa = PBXBuildFile; fileRef = 658664792B38F94D000F38E0 /* ArrivalTimeLinkedListNode.cpp */; };
		6586647F2B38F990000F38E0 /* ArrivalTimeLinkedListDataNode.cpp in Sources */ = {isa = PBXBuildFile; fileRef = 6586647D2B38F990000F38E0 /* ArrivalTimeLinkedListDataNode.cpp */; };
		658664842B38FA03000F38E0 /* QueueNode.cpp in Sources */ = {isa = PBXBuildFile; fileRef = 658664822B38FA03000F38E0 /* QueueNode.cpp */; };
		658664882B38FA29000F38E0 /* Queue.cpp in Sources */ = {isa = PBXBuildFile; fileRef = 658664862B38FA29000F38E0 /* Queue.cpp */; };
		6586648D2B38FA6A000F38E0 /* TempLinkedList.cpp in Sources */ = {isa = PBXBuildFile; fileRef = 6586648B2B38FA6A000F38E0 /* TempLinkedList.cpp */; };
		658664912B38FA95000F38E0 /* TempLinkedListNode.cpp in Sources */ = {isa = PBXBuildFile; fileRef = 6586648F2B38FA95000F38E0 /* TempLinkedListNode.cpp */; };
		658664952B38FABC000F38E0 /* TempLinkedListNodeData.cpp in Sources */ = {isa = PBXBuildFile; fileRef = 658664932B38FABC000F38E0 /* TempLinkedListNodeData.cpp */; };
		6586649A2B38FAED000F38E0 /* WaitingAndTurnAroundTimeDataNode.cpp in Sources */ = {isa = PBXBuildFile; fileRef = 658664982B38FAED000F38E0 /* WaitingAndTurnAroundTimeDataNode.cpp */; };
		6586649E2B38FB24000F38E0 /* WaitingAndTurnAroundTime.cpp in Sources */ = {isa = PBXBuildFile; fileRef = 6586649C2B38FB24000F38E0 /* WaitingAndTurnAroundTime.cpp */; };
		658664A22B38FB46000F38E0 /* WaitingAndTurnAroundTimeNode.cpp in Sources */ = {isa = PBXBuildFile; fileRef = 658664A02B38FB46000F38E0 /* WaitingAndTurnAroundTimeNode.cpp */; };
/* End PBXBuildFile section */

/* Begin PBXCopyFilesBuildPhase section */
		658664562B38F75E000F38E0 /* CopyFiles */ = {
			isa = PBXCopyFilesBuildPhase;
			buildActionMask = 2147483647;
			dstPath = /usr/share/man/man1/;
			dstSubfolderSpec = 0;
			files = (
			);
			runOnlyForDeploymentPostprocessing = 1;
		};
/* End PBXCopyFilesBuildPhase section */

/* Begin PBXFileReference section */
		658664582B38F75E000F38E0 /* Advanced OS - Final */ = {isa = PBXFileReference; explicitFileType = "compiled.mach-o.executable"; includeInIndex = 0; path = "Advanced OS - Final"; sourceTree = BUILT_PRODUCTS_DIR; };
		6586645B2B38F75E000F38E0 /* main.cpp */ = {isa = PBXFileReference; lastKnownFileType = sourcecode.cpp.cpp; path = main.cpp; sourceTree = "<group>"; };
		658664632B38F7AF000F38E0 /* ProcessScheduling.cpp */ = {isa = PBXFileReference; lastKnownFileType = sourcecode.cpp.cpp; path = ProcessScheduling.cpp; sourceTree = "<group>"; };
		658664642B38F7AF000F38E0 /* ProcessScheduling.hpp */ = {isa = PBXFileReference; lastKnownFileType = sourcecode.cpp.h; path = ProcessScheduling.hpp; sourceTree = "<group>"; };
		6586646A2B38F814000F38E0 /* LinkedListDataNode.cpp */ = {isa = PBXFileReference; lastKnownFileType = sourcecode.cpp.cpp; path = LinkedListDataNode.cpp; sourceTree = "<group>"; };
		6586646B2B38F814000F38E0 /* LinkedListDataNode.hpp */ = {isa = PBXFileReference; lastKnownFileType = sourcecode.cpp.h; path = LinkedListDataNode.hpp; sourceTree = "<group>"; };
		6586646D2B38F86C000F38E0 /* LinkedListNode.cpp */ = {isa = PBXFileReference; lastKnownFileType = sourcecode.cpp.cpp; path = LinkedListNode.cpp; sourceTree = "<group>"; };
		6586646E2B38F86C000F38E0 /* LinkedListNode.hpp */ = {isa = PBXFileReference; lastKnownFileType = sourcecode.cpp.h; path = LinkedListNode.hpp; sourceTree = "<group>"; };
		658664702B38F8AB000F38E0 /* LinkedList.cpp */ = {isa = PBXFileReference; lastKnownFileType = sourcecode.cpp.cpp; path = LinkedList.cpp; sourceTree = "<group>"; };
		658664712B38F8AB000F38E0 /* LinkedList.hpp */ = {isa = PBXFileReference; lastKnownFileType = sourcecode.cpp.h; path = LinkedList.hpp; sourceTree = "<group>"; };
		658664752B38F90D000F38E0 /* ArrivalTimeLinkedList.cpp */ = {isa = PBXFileReference; lastKnownFileType = sourcecode.cpp.cpp; path = ArrivalTimeLinkedList.cpp; sourceTree = "<group>"; };
		658664762B38F90D000F38E0 /* ArrivalTimeLinkedList.hpp */ = {isa = PBXFileReference; lastKnownFileType = sourcecode.cpp.h; path = ArrivalTimeLinkedList.hpp; sourceTree = "<group>"; };
		658664792B38F94D000F38E0 /* ArrivalTimeLinkedListNode.cpp */ = {isa = PBXFileReference; lastKnownFileType = sourcecode.cpp.cpp; path = ArrivalTimeLinkedListNode.cpp; sourceTree = "<group>"; };
		6586647A2B38F94D000F38E0 /* ArrivalTimeLinkedListNode.hpp */ = {isa = PBXFileReference; lastKnownFileType = sourcecode.cpp.h; path = ArrivalTimeLinkedListNode.hpp; sourceTree = "<group>"; };
		6586647D2B38F990000F38E0 /* ArrivalTimeLinkedListDataNode.cpp */ = {isa = PBXFileReference; lastKnownFileType = sourcecode.cpp.cpp; path = ArrivalTimeLinkedListDataNode.cpp; sourceTree = "<group>"; };
		6586647E2B38F990000F38E0 /* ArrivalTimeLinkedListDataNode.hpp */ = {isa = PBXFileReference; lastKnownFileType = sourcecode.cpp.h; path = ArrivalTimeLinkedListDataNode.hpp; sourceTree = "<group>"; };
		658664822B38FA03000F38E0 /* QueueNode.cpp */ = {isa = PBXFileReference; lastKnownFileType = sourcecode.cpp.cpp; path = QueueNode.cpp; sourceTree = "<group>"; };
		658664832B38FA03000F38E0 /* QueueNode.hpp */ = {isa = PBXFileReference; lastKnownFileType = sourcecode.cpp.h; path = QueueNode.hpp; sourceTree = "<group>"; };
		658664862B38FA29000F38E0 /* Queue.cpp */ = {isa = PBXFileReference; lastKnownFileType = sourcecode.cpp.cpp; path = Queue.cpp; sourceTree = "<group>"; };
		658664872B38FA29000F38E0 /* Queue.hpp */ = {isa = PBXFileReference; lastKnownFileType = sourcecode.cpp.h; path = Queue.hpp; sourceTree = "<group>"; };
		6586648B2B38FA6A000F38E0 /* TempLinkedList.cpp */ = {isa = PBXFileReference; lastKnownFileType = sourcecode.cpp.cpp; path = TempLinkedList.cpp; sourceTree = "<group>"; };
		6586648C2B38FA6A000F38E0 /* TempLinkedList.hpp */ = {isa = PBXFileReference; lastKnownFileType = sourcecode.cpp.h; path = TempLinkedList.hpp; sourceTree = "<group>"; };
		6586648F2B38FA95000F38E0 /* TempLinkedListNode.cpp */ = {isa = PBXFileReference; lastKnownFileType = sourcecode.cpp.cpp; path = TempLinkedListNode.cpp; sourceTree = "<group>"; };
		658664902B38FA95000F38E0 /* TempLinkedListNode.hpp */ = {isa = PBXFileReference; lastKnownFileType = sourcecode.cpp.h; path = TempLinkedListNode.hpp; sourceTree = "<group>"; };
		658664932B38FABC000F38E0 /* TempLinkedListNodeData.cpp */ = {isa = PBXFileReference; lastKnownFileType = sourcecode.cpp.cpp; path = TempLinkedListNodeData.cpp; sourceTree = "<group>"; };
		658664942B38FABC000F38E0 /* TempLinkedListNodeData.hpp */ = {isa = PBXFileReference; lastKnownFileType = sourcecode.cpp.h; path = TempLinkedListNodeData.hpp; sourceTree = "<group>"; };
		658664982B38FAED000F38E0 /* WaitingAndTurnAroundTimeDataNode.cpp */ = {isa = PBXFileReference; lastKnownFileType = sourcecode.cpp.cpp; path = WaitingAndTurnAroundTimeDataNode.cpp; sourceTree = "<group>"; };
		658664992B38FAED000F38E0 /* WaitingAndTurnAroundTimeDataNode.hpp */ = {isa = PBXFileReference; lastKnownFileType = sourcecode.cpp.h; path = WaitingAndTurnAroundTimeDataNode.hpp; sourceTree = "<group>"; };
		6586649C2B38FB24000F38E0 /* WaitingAndTurnAroundTime.cpp */ = {isa = PBXFileReference; lastKnownFileType = sourcecode.cpp.cpp; path = WaitingAndTurnAroundTime.cpp; sourceTree = "<group>"; };
		6586649D2B38FB24000F38E0 /* WaitingAndTurnAroundTime.hpp */ = {isa = PBXFileReference; lastKnownFileType = sourcecode.cpp.h; path = WaitingAndTurnAroundTime.hpp; sourceTree = "<group>"; };
		658664A02B38FB46000F38E0 /* WaitingAndTurnAroundTimeNode.cpp */ = {isa = PBXFileReference; lastKnownFileType = sourcecode.cpp.cpp; path = WaitingAndTurnAroundTimeNode.cpp; sourceTree = "<group>"; };
		658664A12B38FB46000F38E0 /* WaitingAndTurnAroundTimeNode.hpp */ = {isa = PBXFileReference; lastKnownFileType = sourcecode.cpp.h; path = WaitingAndTurnAroundTimeNode.hpp; sourceTree = "<group>"; };
/* End PBXFileReference section */

/* Begin PBXFrameworksBuildPhase section */
		658664552B38F75E000F38E0 /* Frameworks */ = {
			isa = PBXFrameworksBuildPhase;
			buildActionMask = 2147483647;
			files = (
			);
			runOnlyForDeploymentPostprocessing = 0;
		};
/* End PBXFrameworksBuildPhase section */

/* Begin PBXGroup section */
		6586644F2B38F75E000F38E0 = {
			isa = PBXGroup;
			children = (
				6586645A2B38F75E000F38E0 /* Advanced OS - Final */,
				658664592B38F75E000F38E0 /* Products */,
			);
			sourceTree = "<group>";
		};
		658664592B38F75E000F38E0 /* Products */ = {
			isa = PBXGroup;
			children = (
				658664582B38F75E000F38E0 /* Advanced OS - Final */,
			);
			name = Products;
			sourceTree = "<group>";
		};
		6586645A2B38F75E000F38E0 /* Advanced OS - Final */ = {
			isa = PBXGroup;
			children = (
				658664732B38F8ED000F38E0 /* Arrival Time */,
				658664662B38F7F4000F38E0 /* Linked List */,
				658664622B38F79A000F38E0 /* Process Scheduling */,
				658664802B38F9F6000F38E0 /* Queue */,
				658664892B38FA5E000F38E0 /* Temp Linked List */,
				658664962B38FADC000F38E0 /* Waiting and Turn Around Time */,
				6586645B2B38F75E000F38E0 /* main.cpp */,
			);
			path = "Advanced OS - Final";
			sourceTree = "<group>";
		};
		658664622B38F79A000F38E0 /* Process Scheduling */ = {
			isa = PBXGroup;
			children = (
				658664632B38F7AF000F38E0 /* ProcessScheduling.cpp */,
				658664642B38F7AF000F38E0 /* ProcessScheduling.hpp */,
			);
			path = "Process Scheduling";
			sourceTree = "<group>";
		};
		658664662B38F7F4000F38E0 /* Linked List */ = {
			isa = PBXGroup;
			children = (
				658664692B38F80A000F38E0 /* Data */,
				658664682B38F804000F38E0 /* List */,
				658664672B38F7FE000F38E0 /* Node */,
			);
			path = "Linked List";
			sourceTree = "<group>";
		};
		658664672B38F7FE000F38E0 /* Node */ = {
			isa = PBXGroup;
			children = (
				6586646D2B38F86C000F38E0 /* LinkedListNode.cpp */,
				6586646E2B38F86C000F38E0 /* LinkedListNode.hpp */,
			);
			path = Node;
			sourceTree = "<group>";
		};
		658664682B38F804000F38E0 /* List */ = {
			isa = PBXGroup;
			children = (
				658664702B38F8AB000F38E0 /* LinkedList.cpp */,
				658664712B38F8AB000F38E0 /* LinkedList.hpp */,
			);
			path = List;
			sourceTree = "<group>";
		};
		658664692B38F80A000F38E0 /* Data */ = {
			isa = PBXGroup;
			children = (
				6586646A2B38F814000F38E0 /* LinkedListDataNode.cpp */,
				6586646B2B38F814000F38E0 /* LinkedListDataNode.hpp */,
			);
			path = Data;
			sourceTree = "<group>";
		};
		658664732B38F8ED000F38E0 /* Arrival Time */ = {
			isa = PBXGroup;
			children = (
				6586647C2B38F96C000F38E0 /* Data */,
				658664782B38F93E000F38E0 /* Node */,
				658664742B38F906000F38E0 /* List */,
			);
			path = "Arrival Time";
			sourceTree = "<group>";
		};
		658664742B38F906000F38E0 /* List */ = {
			isa = PBXGroup;
			children = (
				658664752B38F90D000F38E0 /* ArrivalTimeLinkedList.cpp */,
				658664762B38F90D000F38E0 /* ArrivalTimeLinkedList.hpp */,
			);
			path = List;
			sourceTree = "<group>";
		};
		658664782B38F93E000F38E0 /* Node */ = {
			isa = PBXGroup;
			children = (
				658664792B38F94D000F38E0 /* ArrivalTimeLinkedListNode.cpp */,
				6586647A2B38F94D000F38E0 /* ArrivalTimeLinkedListNode.hpp */,
			);
			path = Node;
			sourceTree = "<group>";
		};
		6586647C2B38F96C000F38E0 /* Data */ = {
			isa = PBXGroup;
			children = (
				6586647D2B38F990000F38E0 /* ArrivalTimeLinkedListDataNode.cpp */,
				6586647E2B38F990000F38E0 /* ArrivalTimeLinkedListDataNode.hpp */,
			);
			path = Data;
			sourceTree = "<group>";
		};
		658664802B38F9F6000F38E0 /* Queue */ = {
			isa = PBXGroup;
			children = (
				658664852B38FA21000F38E0 /* Queue */,
				658664812B38F9FC000F38E0 /* Node */,
			);
			path = Queue;
			sourceTree = "<group>";
		};
		658664812B38F9FC000F38E0 /* Node */ = {
			isa = PBXGroup;
			children = (
				658664822B38FA03000F38E0 /* QueueNode.cpp */,
				658664832B38FA03000F38E0 /* QueueNode.hpp */,
			);
			path = Node;
			sourceTree = "<group>";
		};
		658664852B38FA21000F38E0 /* Queue */ = {
			isa = PBXGroup;
			children = (
				658664862B38FA29000F38E0 /* Queue.cpp */,
				658664872B38FA29000F38E0 /* Queue.hpp */,
			);
			path = Queue;
			sourceTree = "<group>";
		};
		658664892B38FA5E000F38E0 /* Temp Linked List */ = {
			isa = PBXGroup;
			children = (
				658664922B38FAB4000F38E0 /* Node Data */,
				6586648E2B38FA8E000F38E0 /* Node */,
				6586648A2B38FA63000F38E0 /* List */,
			);
			path = "Temp Linked List";
			sourceTree = "<group>";
		};
		6586648A2B38FA63000F38E0 /* List */ = {
			isa = PBXGroup;
			children = (
				6586648B2B38FA6A000F38E0 /* TempLinkedList.cpp */,
				6586648C2B38FA6A000F38E0 /* TempLinkedList.hpp */,
			);
			path = List;
			sourceTree = "<group>";
		};
		6586648E2B38FA8E000F38E0 /* Node */ = {
			isa = PBXGroup;
			children = (
				6586648F2B38FA95000F38E0 /* TempLinkedListNode.cpp */,
				658664902B38FA95000F38E0 /* TempLinkedListNode.hpp */,
			);
			path = Node;
			sourceTree = "<group>";
		};
		658664922B38FAB4000F38E0 /* Node Data */ = {
			isa = PBXGroup;
			children = (
				658664932B38FABC000F38E0 /* TempLinkedListNodeData.cpp */,
				658664942B38FABC000F38E0 /* TempLinkedListNodeData.hpp */,
			);
			path = "Node Data";
			sourceTree = "<group>";
		};
		658664962B38FADC000F38E0 /* Waiting and Turn Around Time */ = {
			isa = PBXGroup;
			children = (
				6586649F2B38FB3E000F38E0 /* Node */,
				6586649B2B38FB1E000F38E0 /* List */,
				658664972B38FAE4000F38E0 /* Data */,
			);
			path = "Waiting and Turn Around Time";
			sourceTree = "<group>";
		};
		658664972B38FAE4000F38E0 /* Data */ = {
			isa = PBXGroup;
			children = (
				658664982B38FAED000F38E0 /* WaitingAndTurnAroundTimeDataNode.cpp */,
				658664992B38FAED000F38E0 /* WaitingAndTurnAroundTimeDataNode.hpp */,
			);
			path = Data;
			sourceTree = "<group>";
		};
		6586649B2B38FB1E000F38E0 /* List */ = {
			isa = PBXGroup;
			children = (
				6586649C2B38FB24000F38E0 /* WaitingAndTurnAroundTime.cpp */,
				6586649D2B38FB24000F38E0 /* WaitingAndTurnAroundTime.hpp */,
			);
			path = List;
			sourceTree = "<group>";
		};
		6586649F2B38FB3E000F38E0 /* Node */ = {
			isa = PBXGroup;
			children = (
				658664A02B38FB46000F38E0 /* WaitingAndTurnAroundTimeNode.cpp */,
				658664A12B38FB46000F38E0 /* WaitingAndTurnAroundTimeNode.hpp */,
			);
			path = Node;
			sourceTree = "<group>";
		};
/* End PBXGroup section */

/* Begin PBXNativeTarget section */
		658664572B38F75E000F38E0 /* Advanced OS - Final */ = {
			isa = PBXNativeTarget;
			buildConfigurationList = 6586645F2B38F75E000F38E0 /* Build configuration list for PBXNativeTarget "Advanced OS - Final" */;
			buildPhases = (
				658664542B38F75E000F38E0 /* Sources */,
				658664552B38F75E000F38E0 /* Frameworks */,
				658664562B38F75E000F38E0 /* CopyFiles */,
			);
			buildRules = (
			);
			dependencies = (
			);
			name = "Advanced OS - Final";
			productName = "Advanced OS - Final";
			productReference = 658664582B38F75E000F38E0 /* Advanced OS - Final */;
			productType = "com.apple.product-type.tool";
		};
/* End PBXNativeTarget section */

/* Begin PBXProject section */
		658664502B38F75E000F38E0 /* Project object */ = {
			isa = PBXProject;
			attributes = {
				BuildIndependentTargetsInParallel = 1;
				LastUpgradeCheck = 1510;
				TargetAttributes = {
					658664572B38F75E000F38E0 = {
						CreatedOnToolsVersion = 15.1;
					};
				};
			};
			buildConfigurationList = 658664532B38F75E000F38E0 /* Build configuration list for PBXProject "Advanced OS - Final" */;
			compatibilityVersion = "Xcode 14.0";
			developmentRegion = en;
			hasScannedForEncodings = 0;
			knownRegions = (
				en,
				Base,
			);
			mainGroup = 6586644F2B38F75E000F38E0;
			productRefGroup = 658664592B38F75E000F38E0 /* Products */;
			projectDirPath = "";
			projectRoot = "";
			targets = (
				658664572B38F75E000F38E0 /* Advanced OS - Final */,
			);
		};
/* End PBXProject section */

/* Begin PBXSourcesBuildPhase section */
		658664542B38F75E000F38E0 /* Sources */ = {
			isa = PBXSourcesBuildPhase;
			buildActionMask = 2147483647;
			files = (
				6586646F2B38F86C000F38E0 /* LinkedListNode.cpp in Sources */,
				6586646C2B38F814000F38E0 /* LinkedListDataNode.cpp in Sources */,
				6586647F2B38F990000F38E0 /* ArrivalTimeLinkedListDataNode.cpp in Sources */,
				6586649E2B38FB24000F38E0 /* WaitingAndTurnAroundTime.cpp in Sources */,
				658664952B38FABC000F38E0 /* TempLinkedListNodeData.cpp in Sources */,
				658664882B38FA29000F38E0 /* Queue.cpp in Sources */,
				658664722B38F8AB000F38E0 /* LinkedList.cpp in Sources */,
				6586645C2B38F75E000F38E0 /* main.cpp in Sources */,
				658664912B38FA95000F38E0 /* TempLinkedListNode.cpp in Sources */,
				6586649A2B38FAED000F38E0 /* WaitingAndTurnAroundTimeDataNode.cpp in Sources */,
				658664652B38F7AF000F38E0 /* ProcessScheduling.cpp in Sources */,
				658664772B38F90D000F38E0 /* ArrivalTimeLinkedList.cpp in Sources */,
				658664A22B38FB46000F38E0 /* WaitingAndTurnAroundTimeNode.cpp in Sources */,
				6586647B2B38F94D000F38E0 /* ArrivalTimeLinkedListNode.cpp in Sources */,
				658664842B38FA03000F38E0 /* QueueNode.cpp in Sources */,
				6586648D2B38FA6A000F38E0 /* TempLinkedList.cpp in Sources */,
			);
			runOnlyForDeploymentPostprocessing = 0;
		};
/* End PBXSourcesBuildPhase section */

/* Begin XCBuildConfiguration section */
		6586645D2B38F75E000F38E0 /* Debug */ = {
			isa = XCBuildConfiguration;
			buildSettings = {
				ALWAYS_SEARCH_USER_PATHS = NO;
				ASSETCATALOG_COMPILER_GENERATE_SWIFT_ASSET_SYMBOL_EXTENSIONS = YES;
				CLANG_ANALYZER_NONNULL = YES;
				CLANG_ANALYZER_NUMBER_OBJECT_CONVERSION = YES_AGGRESSIVE;
				CLANG_CXX_LANGUAGE_STANDARD = "gnu++20";
				CLANG_ENABLE_MODULES = YES;
				CLANG_ENABLE_OBJC_ARC = YES;
				CLANG_ENABLE_OBJC_WEAK = YES;
				CLANG_WARN_BLOCK_CAPTURE_AUTORELEASING = YES;
				CLANG_WARN_BOOL_CONVERSION = YES;
				CLANG_WARN_COMMA = YES;
				CLANG_WARN_CONSTANT_CONVERSION = YES;
				CLANG_WARN_DEPRECATED_OBJC_IMPLEMENTATIONS = YES;
				CLANG_WARN_DIRECT_OBJC_ISA_USAGE = YES_ERROR;
				CLANG_WARN_DOCUMENTATION_COMMENTS = YES;
				CLANG_WARN_EMPTY_BODY = YES;
				CLANG_WARN_ENUM_CONVERSION = YES;
				CLANG_WARN_INFINITE_RECURSION = YES;
				CLANG_WARN_INT_CONVERSION = YES;
				CLANG_WARN_NON_LITERAL_NULL_CONVERSION = YES;
				CLANG_WARN_OBJC_IMPLICIT_RETAIN_SELF = YES;
				CLANG_WARN_OBJC_LITERAL_CONVERSION = YES;
				CLANG_WARN_OBJC_ROOT_CLASS = YES_ERROR;
				CLANG_WARN_QUOTED_INCLUDE_IN_FRAMEWORK_HEADER = YES;
				CLANG_WARN_RANGE_LOOP_ANALYSIS = YES;
				CLANG_WARN_STRICT_PROTOTYPES = YES;
				CLANG_WARN_SUSPICIOUS_MOVE = YES;
				CLANG_WARN_UNGUARDED_AVAILABILITY = YES_AGGRESSIVE;
				CLANG_WARN_UNREACHABLE_CODE = YES;
				CLANG_WARN__DUPLICATE_METHOD_MATCH = YES;
				COPY_PHASE_STRIP = NO;
				DEBUG_INFORMATION_FORMAT = dwarf;
				ENABLE_STRICT_OBJC_MSGSEND = YES;
				ENABLE_TESTABILITY = YES;
				ENABLE_USER_SCRIPT_SANDBOXING = YES;
				GCC_C_LANGUAGE_STANDARD = gnu17;
				GCC_DYNAMIC_NO_PIC = NO;
				GCC_NO_COMMON_BLOCKS = YES;
				GCC_OPTIMIZATION_LEVEL = 0;
				GCC_PREPROCESSOR_DEFINITIONS = (
					"DEBUG=1",
					"$(inherited)",
				);
				GCC_WARN_64_TO_32_BIT_CONVERSION = YES;
				GCC_WARN_ABOUT_RETURN_TYPE = YES_ERROR;
				GCC_WARN_UNDECLARED_SELECTOR = YES;
				GCC_WARN_UNINITIALIZED_AUTOS = YES_AGGRESSIVE;
				GCC_WARN_UNUSED_FUNCTION = YES;
				GCC_WARN_UNUSED_VARIABLE = YES;
				LOCALIZATION_PREFERS_STRING_CATALOGS = YES;
				MACOSX_DEPLOYMENT_TARGET = 14.2;
				MTL_ENABLE_DEBUG_INFO = INCLUDE_SOURCE;
				MTL_FAST_MATH = YES;
				ONLY_ACTIVE_ARCH = YES;
				SDKROOT = macosx;
			};
			name = Debug;
		};
		6586645E2B38F75E000F38E0 /* Release */ = {
			isa = XCBuildConfiguration;
			buildSettings = {
				ALWAYS_SEARCH_USER_PATHS = NO;
				ASSETCATALOG_COMPILER_GENERATE_SWIFT_ASSET_SYMBOL_EXTENSIONS = YES;
				CLANG_ANALYZER_NONNULL = YES;
				CLANG_ANALYZER_NUMBER_OBJECT_CONVERSION = YES_AGGRESSIVE;
				CLANG_CXX_LANGUAGE_STANDARD = "gnu++20";
				CLANG_ENABLE_MODULES = YES;
				CLANG_ENABLE_OBJC_ARC = YES;
				CLANG_ENABLE_OBJC_WEAK = YES;
				CLANG_WARN_BLOCK_CAPTURE_AUTORELEASING = YES;
				CLANG_WARN_BOOL_CONVERSION = YES;
				CLANG_WARN_COMMA = YES;
				CLANG_WARN_CONSTANT_CONVERSION = YES;
				CLANG_WARN_DEPRECATED_OBJC_IMPLEMENTATIONS = YES;
				CLANG_WARN_DIRECT_OBJC_ISA_USAGE = YES_ERROR;
				CLANG_WARN_DOCUMENTATION_COMMENTS = YES;
				CLANG_WARN_EMPTY_BODY = YES;
				CLANG_WARN_ENUM_CONVERSION = YES;
				CLANG_WARN_INFINITE_RECURSION = YES;
				CLANG_WARN_INT_CONVERSION = YES;
				CLANG_WARN_NON_LITERAL_NULL_CONVERSION = YES;
				CLANG_WARN_OBJC_IMPLICIT_RETAIN_SELF = YES;
				CLANG_WARN_OBJC_LITERAL_CONVERSION = YES;
				CLANG_WARN_OBJC_ROOT_CLASS = YES_ERROR;
				CLANG_WARN_QUOTED_INCLUDE_IN_FRAMEWORK_HEADER = YES;
				CLANG_WARN_RANGE_LOOP_ANALYSIS = YES;
				CLANG_WARN_STRICT_PROTOTYPES = YES;
				CLANG_WARN_SUSPICIOUS_MOVE = YES;
				CLANG_WARN_UNGUARDED_AVAILABILITY = YES_AGGRESSIVE;
				CLANG_WARN_UNREACHABLE_CODE = YES;
				CLANG_WARN__DUPLICATE_METHOD_MATCH = YES;
				COPY_PHASE_STRIP = NO;
				DEBUG_INFORMATION_FORMAT = "dwarf-with-dsym";
				ENABLE_NS_ASSERTIONS = NO;
				ENABLE_STRICT_OBJC_MSGSEND = YES;
				ENABLE_USER_SCRIPT_SANDBOXING = YES;
				GCC_C_LANGUAGE_STANDARD = gnu17;
				GCC_NO_COMMON_BLOCKS = YES;
				GCC_WARN_64_TO_32_BIT_CONVERSION = YES;
				GCC_WARN_ABOUT_RETURN_TYPE = YES_ERROR;
				GCC_WARN_UNDECLARED_SELECTOR = YES;
				GCC_WARN_UNINITIALIZED_AUTOS = YES_AGGRESSIVE;
				GCC_WARN_UNUSED_FUNCTION = YES;
				GCC_WARN_UNUSED_VARIABLE = YES;
				LOCALIZATION_PREFERS_STRING_CATALOGS = YES;
				MACOSX_DEPLOYMENT_TARGET = 14.2;
				MTL_ENABLE_DEBUG_INFO = NO;
				MTL_FAST_MATH = YES;
				SDKROOT = macosx;
			};
			name = Release;
		};
		658664602B38F75E000F38E0 /* Debug */ = {
			isa = XCBuildConfiguration;
			buildSettings = {
				CLANG_CXX_LANGUAGE_STANDARD = "gnu++0x";
				CODE_SIGN_STYLE = Automatic;
				DEVELOPMENT_TEAM = UY43V5K2JL;
				ENABLE_HARDENED_RUNTIME = YES;
				GCC_C_LANGUAGE_STANDARD = gnu99;
				PRODUCT_NAME = "$(TARGET_NAME)";
			};
			name = Debug;
		};
		658664612B38F75E000F38E0 /* Release */ = {
			isa = XCBuildConfiguration;
			buildSettings = {
				CLANG_CXX_LANGUAGE_STANDARD = "gnu++0x";
				CODE_SIGN_STYLE = Automatic;
				DEVELOPMENT_TEAM = UY43V5K2JL;
				ENABLE_HARDENED_RUNTIME = YES;
				GCC_C_LANGUAGE_STANDARD = gnu99;
				PRODUCT_NAME = "$(TARGET_NAME)";
			};
			name = Release;
		};
/* End XCBuildConfiguration section */

/* Begin XCConfigurationList section */
		658664532B38F75E000F38E0 /* Build configuration list for PBXProject "Advanced OS - Final" */ = {
			isa = XCConfigurationList;
			buildConfigurations = (
				6586645D2B38F75E000F38E0 /* Debug */,
				6586645E2B38F75E000F38E0 /* Release */,
			);
			defaultConfigurationIsVisible = 0;
			defaultConfigurationName = Release;
		};
		6586645F2B38F75E000F38E0 /* Build configuration list for PBXNativeTarget "Advanced OS - Final" */ = {
			isa = XCConfigurationList;
			buildConfigurations = (
				658664602B38F75E000F38E0 /* Debug */,
				658664612B38F75E000F38E0 /* Release */,
			);
			defaultConfigurationIsVisible = 0;
			defaultConfigurationName = Release;
		};
/* End XCConfigurationList section */
	};
	rootObject = 658664502B38F75E000F38E0 /* Project object */;
}
